{
  "name": "applemusic.js",
  "lockfileVersion": 2,
  "requires": true,
  "packages": {
    "": {
      "dependencies": {
        "applemusic.js": "^1.0.0"
      }
    },
    "node_modules/applemusic.js": {
      "version": "1.0.0",
      "resolved": "https://registry.npmjs.org/applemusic.js/-/applemusic.js-1.0.0.tgz",
      "integrity": "sha512-lUpiB1rZJmM83k875bI+N0GEseRzJtnHnJcQd8FTPas0uh7RVNKJriqhxAuvUSsSFaDJn5tZtO9FkhzHyUSnsQ==",
      "dependencies": {
        "undici": "^5.9.1"
      }
    },
    "node_modules/undici": {
      "version": "5.9.1",
      "resolved": "https://registry.npmjs.org/undici/-/undici-5.9.1.tgz",
      "integrity": "sha512-6fB3a+SNnWEm4CJbgo0/CWR8RGcOCQP68SF4X0mxtYTq2VNN8T88NYrWVBAeSX+zb7bny2dx2iYhP3XHi00omg==",
      "engines": {
        "node": ">=12.18"
      }
    }
  },
  "dependencies": {
    "applemusic.js": {
      "version": "1.0.0",
      "resolved": "https://registry.npmjs.org/applemusic.js/-/applemusic.js-1.0.0.tgz",
      "integrity": "sha512-lUpiB1rZJmM83k875bI+N0GEseRzJtnHnJcQd8FTPas0uh7RVNKJriqhxAuvUSsSFaDJn5tZtO9FkhzHyUSnsQ==",
      "requires": {
        "undici": "^5.9.1"
      }
    },
    "undici": {
      "version": "5.9.1",
      "resolved": "https://registry.npmjs.org/undici/-/undici-5.9.1.tgz",
      "integrity": "sha512-6fB3a+SNnWEm4CJbgo0/CWR8RGcOCQP68SF4X0mxtYTq2VNN8T88NYrWVBAeSX+zb7bny2dx2iYhP3XHi00omg=="
    }
  }
}
